PODS:
  - CWCrashProtect (0.0.1):
    - CWCrashProtect/Base (= 0.0.1)
    - CWCrashProtect/ContainerProtect (= 0.0.1)
    - CWCrashProtect/KVOProtect (= 0.0.1)
    - CWCrashProtect/SelectorProtect (= 0.0.1)
  - CWCrashProtect/Base (0.0.1)
  - CWCrashProtect/ContainerProtect (0.0.1):
    - CWCrashProtect/Base
  - CWCrashProtect/KVOProtect (0.0.1):
    - CWCrashProtect/Base
  - CWCrashProtect/SelectorProtect (0.0.1):
    - CWCrashProtect/Base

DEPENDENCIES:
  - CWCrashProtect (from `../`)

EXTERNAL SOURCES:
  CWCrashProtect:
    :path: "../"

SPEC CHECKSUMS:
  CWCrashProtect: 76e7bc5769446390171705f17844d2983ea7c106

PODFILE CHECKSUM: c9eec829331ea7e30b2856f16416342f21ed4391

COCOAPODS: 1.7.5
