PODS:
  - CWCrashProtect (0.0.1):
    - CWCrashProtect/Base (= 0.0.1)
    - CWCrashProtect/KVOProtect (= 0.0.1)
    - CWCrashProtect/SelectorProtect (= 0.0.1)
    - CWCrashProtect/SetProtect (= 0.0.1)
  - CWCrashProtect/Base (0.0.1)
  - CWCrashProtect/KVOProtect (0.0.1):
    - CWCrashProtect/Base
  - CWCrashProtect/SelectorProtect (0.0.1):
    - CWCrashProtect/Base
  - CWCrashProtect/SetProtect (0.0.1):
    - CWCrashProtect/Base

DEPENDENCIES:
  - CWCrashProtect (from `../`)

EXTERNAL SOURCES:
  CWCrashProtect:
    :path: "../"

SPEC CHECKSUMS:
  CWCrashProtect: 24df9ac1ff0c8cf6b7ebfafbc6ff1b9edb274b93

PODFILE CHECKSUM: 4cce7d33317b6cdc55d2fed39fefa944e9cffaad

COCOAPODS: 1.7.5
